
Microsoft Visual Studio Solution File, Format Version 12.00
# Visual Studio Version 17
VisualStudioVersion = 17.0.31912.275
MinimumVisualStudioVersion = 10.0.40219.1
Project("{FAE04EC0-301F-11D3-BF4B-00C04F79EFBC}") = "TestFunctionsForAutomaticDeploy", "TestFunctionsForAutomaticDeploy\TestFunctionsForAutomaticDeploy.csproj", "{921DEBEF-43F3-48C7-AC48-3D6ABD1A92FF}"
EndProject
Global
	GlobalSection(SolutionConfigurationPlatforms) = preSolution
		Debug|Any CPU = Debug|Any CPU
		Release|Any CPU = Release|Any CPU
	EndGlobalSection
	GlobalSection(ProjectConfigurationPlatforms) = postSolution
		{921DEBEF-43F3-48C7-AC48-3D6ABD1A92FF}.Debug|Any CPU.ActiveCfg = Debug|Any CPU
		{921DEBEF-43F3-48C7-AC48-3D6ABD1A92FF}.Debug|Any CPU.Build.0 = Debug|Any CPU
		{921DEBEF-43F3-48C7-AC48-3D6ABD1A92FF}.Release|Any CPU.ActiveCfg = Release|Any CPU
		{921DEBEF-43F3-48C7-AC48-3D6ABD1A92FF}.Release|Any CPU.Build.0 = Release|Any CPU
	EndGlobalSection
	GlobalSection(SolutionProperties) = preSolution
		HideSolutionNode = FALSE
	EndGlobalSection
	GlobalSection(ExtensibilityGlobals) = postSolution
		SolutionGuid = {80D93087-9440-4DB1-B2C1-F7C4FF3D955F}
	EndGlobalSection
EndGlobal
